
Microsoft Visual Studio Solution File, Format Version 12.00
# Visual Studio 15
VisualStudioVersion = 15.0.27428.2005
MinimumVisualStudioVersion = 10.0.40219.1
Project("{FAE04EC0-301F-11D3-BF4B-00C04F79EFBC}") = "JsonPatch", "JsonPatch\JsonPatch.csproj", "{B111C995-AF1D-4DE3-8F40-3F21D093560E}"
EndProject
Global
	GlobalSection(SolutionConfigurationPlatforms) = preSolution
		Debug|Any CPU = Debug|Any CPU
		Release|Any CPU = Release|Any CPU
	EndGlobalSection
	GlobalSection(ProjectConfigurationPlatforms) = postSolution
		{B111C995-AF1D-4DE3-8F40-3F21D093560E}.Debug|Any CPU.ActiveCfg = Debug|Any CPU
		{B111C995-AF1D-4DE3-8F40-3F21D093560E}.Debug|Any CPU.Build.0 = Debug|Any CPU
		{B111C995-AF1D-4DE3-8F40-3F21D093560E}.Release|Any CPU.ActiveCfg = Release|Any CPU
		{B111C995-AF1D-4DE3-8F40-3F21D093560E}.Release|Any CPU.Build.0 = Release|Any CPU
	EndGlobalSection
	GlobalSection(SolutionProperties) = preSolution
		HideSolutionNode = FALSE
	EndGlobalSection
	GlobalSection(ExtensibilityGlobals) = postSolution
		SolutionGuid = {51ED2E99-8A37-43B7-8CB5-A9B173487740}
	EndGlobalSection
EndGlobal
